// !$*UTF8*$!
{
	archiveVersion = 1;
	classes = {
	};
	objectVersion = 56;
	objects = {

/* Begin PBXBuildFile section */
		3F20F2522C1F606A0062797D /* ImageVC.swift in Sources */ = {isa = PBXBuildFile; fileRef = 3F20F2512C1F606A0062797D /* ImageVC.swift */; };
		3F5BBFA02C1A1EC400D299C3 /* AppDelegate.swift in Sources */ = {isa = PBXBuildFile; fileRef = 3F5BBF9F2C1A1EC400D299C3 /* AppDelegate.swift */; };
		3F5BBFA22C1A1EC400D299C3 /* SceneDelegate.swift in Sources */ = {isa = PBXBuildFile; fileRef = 3F5BBFA12C1A1EC400D299C3 /* SceneDelegate.swift */; };
		3F5BBFA42C1A1EC400D299C3 /* LogInVC.swift in Sources */ = {isa = PBXBuildFile; fileRef = 3F5BBFA32C1A1EC400D299C3 /* LogInVC.swift */; };
		3F5BBFA72C1A1EC400D299C3 /* Main.storyboard in Resources */ = {isa = PBXBuildFile; fileRef = 3F5BBFA52C1A1EC400D299C3 /* Main.storyboard */; };
		3F5BBFA92C1A1EC600D299C3 /* Assets.xcassets in Resources */ = {isa = PBXBuildFile; fileRef = 3F5BBFA82C1A1EC600D299C3 /* Assets.xcassets */; };
		3F5BBFAC2C1A1EC600D299C3 /* LaunchScreen.storyboard in Resources */ = {isa = PBXBuildFile; fileRef = 3F5BBFAA2C1A1EC600D299C3 /* LaunchScreen.storyboard */; };
		3F5BBFB42C1A2CD700D299C3 /* LogOutVC.swift in Sources */ = {isa = PBXBuildFile; fileRef = 3F5BBFB32C1A2CD700D299C3 /* LogOutVC.swift */; };
		3FD2BFDF2C1F4C6A009641AB /* AboutMeVC.swift in Sources */ = {isa = PBXBuildFile; fileRef = 3FD2BFDE2C1F4C6A009641AB /* AboutMeVC.swift */; };
		3FE336252C1F3D8D006E219F /* User.swift in Sources */ = {isa = PBXBuildFile; fileRef = 3FE336242C1F3D8D006E219F /* User.swift */; };
/* End PBXBuildFile section */

/* Begin PBXFileReference section */
		3F20F2512C1F606A0062797D /* ImageVC.swift */ = {isa = PBXFileReference; lastKnownFileType = sourcecode.swift; path = ImageVC.swift; sourceTree = "<group>"; };
		3F5BBF9C2C1A1EC400D299C3 /* LogInApp.app */ = {isa = PBXFileReference; explicitFileType = wrapper.application; includeInIndex = 0; path = LogInApp.app; sourceTree = BUILT_PRODUCTS_DIR; };
		3F5BBF9F2C1A1EC400D299C3 /* AppDelegate.swift */ = {isa = PBXFileReference; lastKnownFileType = sourcecode.swift; path = AppDelegate.swift; sourceTree = "<group>"; };
		3F5BBFA12C1A1EC400D299C3 /* SceneDelegate.swift */ = {isa = PBXFileReference; lastKnownFileType = sourcecode.swift; path = SceneDelegate.swift; sourceTree = "<group>"; };
		3F5BBFA32C1A1EC400D299C3 /* LogInVC.swift */ = {isa = PBXFileReference; lastKnownFileType = sourcecode.swift; path = LogInVC.swift; sourceTree = "<group>"; };
		3F5BBFA62C1A1EC400D299C3 /* Base */ = {isa = PBXFileReference; lastKnownFileType = file.storyboard; name = Base; path = Base.lproj/Main.storyboard; sourceTree = "<group>"; };
		3F5BBFA82C1A1EC600D299C3 /* Assets.xcassets */ = {isa = PBXFileReference; lastKnownFileType = folder.assetcatalog; path = Assets.xcassets; sourceTree = "<group>"; };
		3F5BBFAB2C1A1EC600D299C3 /* Base */ = {isa = PBXFileReference; lastKnownFileType = file.storyboard; name = Base; path = Base.lproj/LaunchScreen.storyboard; sourceTree = "<group>"; };
		3F5BBFAD2C1A1EC600D299C3 /* Info.plist */ = {isa = PBXFileReference; lastKnownFileType = text.plist.xml; path = Info.plist; sourceTree = "<group>"; };
		3F5BBFB32C1A2CD700D299C3 /* LogOutVC.swift */ = {isa = PBXFileReference; lastKnownFileType = sourcecode.swift; path = LogOutVC.swift; sourceTree = "<group>"; };
		3FD2BFDE2C1F4C6A009641AB /* AboutMeVC.swift */ = {isa = PBXFileReference; lastKnownFileType = sourcecode.swift; path = AboutMeVC.swift; sourceTree = "<group>"; };
		3FE336242C1F3D8D006E219F /* User.swift */ = {isa = PBXFileReference; lastKnownFileType = sourcecode.swift; path = User.swift; sourceTree = "<group>"; };
/* End PBXFileReference section */

/* Begin PBXFrameworksBuildPhase section */
		3F5BBF992C1A1EC400D299C3 /* Frameworks */ = {
			isa = PBXFrameworksBuildPhase;
			buildActionMask = 2147483647;
			files = (
			);
			runOnlyForDeploymentPostprocessing = 0;
		};
/* End PBXFrameworksBuildPhase section */

/* Begin PBXGroup section */
		3F5BBF932C1A1EC400D299C3 = {
			isa = PBXGroup;
			children = (
				3F5BBF9E2C1A1EC400D299C3 /* LogInApp */,
				3F5BBF9D2C1A1EC400D299C3 /* Products */,
			);
			sourceTree = "<group>";
		};
		3F5BBF9D2C1A1EC400D299C3 /* Products */ = {
			isa = PBXGroup;
			children = (
				3F5BBF9C2C1A1EC400D299C3 /* LogInApp.app */,
			);
			name = Products;
			sourceTree = "<group>";
		};
		3F5BBF9E2C1A1EC400D299C3 /* LogInApp */ = {
			isa = PBXGroup;
			children = (
				3FE3361E2C1F335D006E219F /* Views */,
				3FE3361F2C1F337C006E219F /* Model */,
				3FE336202C1F3392006E219F /* Storyboards */,
				3FE336232C1F33EC006E219F /* Media */,
				3FE336212C1F33C9006E219F /* App */,
			);
			path = LogInApp;
			sourceTree = "<group>";
		};
		3FE3361E2C1F335D006E219F /* Views */ = {
			isa = PBXGroup;
			children = (
				3F5BBFA32C1A1EC400D299C3 /* LogInVC.swift */,
				3F5BBFB32C1A2CD700D299C3 /* LogOutVC.swift */,
				3FD2BFDE2C1F4C6A009641AB /* AboutMeVC.swift */,
				3F20F2512C1F606A0062797D /* ImageVC.swift */,
			);
			path = Views;
			sourceTree = "<group>";
		};
		3FE3361F2C1F337C006E219F /* Model */ = {
			isa = PBXGroup;
			children = (
				3FE336242C1F3D8D006E219F /* User.swift */,
			);
			path = Model;
			sourceTree = "<group>";
		};
		3FE336202C1F3392006E219F /* Storyboards */ = {
			isa = PBXGroup;
			children = (
				3F5BBFA52C1A1EC400D299C3 /* Main.storyboard */,
				3F5BBFAA2C1A1EC600D299C3 /* LaunchScreen.storyboard */,
			);
			path = Storyboards;
			sourceTree = "<group>";
		};
		3FE336212C1F33C9006E219F /* App */ = {
			isa = PBXGroup;
			children = (
				3F5BBF9F2C1A1EC400D299C3 /* AppDelegate.swift */,
				3F5BBFA12C1A1EC400D299C3 /* SceneDelegate.swift */,
				3F5BBFAD2C1A1EC600D299C3 /* Info.plist */,
			);
			path = App;
			sourceTree = "<group>";
		};
		3FE336232C1F33EC006E219F /* Media */ = {
			isa = PBXGroup;
			children = (
				3F5BBFA82C1A1EC600D299C3 /* Assets.xcassets */,
			);
			path = Media;
			sourceTree = "<group>";
		};
/* End PBXGroup section */

/* Begin PBXNativeTarget section */
		3F5BBF9B2C1A1EC400D299C3 /* LogInApp */ = {
			isa = PBXNativeTarget;
			buildConfigurationList = 3F5BBFB02C1A1EC600D299C3 /* Build configuration list for PBXNativeTarget "LogInApp" */;
			buildPhases = (
				3F5BBF982C1A1EC400D299C3 /* Sources */,
				3F5BBF992C1A1EC400D299C3 /* Frameworks */,
				3F5BBF9A2C1A1EC400D299C3 /* Resources */,
			);
			buildRules = (
			);
			dependencies = (
			);
			name = LogInApp;
			productName = LogInApp;
			productReference = 3F5BBF9C2C1A1EC400D299C3 /* LogInApp.app */;
			productType = "com.apple.product-type.application";
		};
/* End PBXNativeTarget section */

/* Begin PBXProject section */
		3F5BBF942C1A1EC400D299C3 /* Project object */ = {
			isa = PBXProject;
			attributes = {
				BuildIndependentTargetsInParallel = 1;
				LastSwiftUpdateCheck = 1500;
				LastUpgradeCheck = 1500;
				TargetAttributes = {
					3F5BBF9B2C1A1EC400D299C3 = {
						CreatedOnToolsVersion = 15.0;
					};
				};
			};
			buildConfigurationList = 3F5BBF972C1A1EC400D299C3 /* Build configuration list for PBXProject "LogInApp" */;
			compatibilityVersion = "Xcode 14.0";
			developmentRegion = en;
			hasScannedForEncodings = 0;
			knownRegions = (
				en,
				Base,
			);
			mainGroup = 3F5BBF932C1A1EC400D299C3;
			productRefGroup = 3F5BBF9D2C1A1EC400D299C3 /* Products */;
			projectDirPath = "";
			projectRoot = "";
			targets = (
				3F5BBF9B2C1A1EC400D299C3 /* LogInApp */,
			);
		};
/* End PBXProject section */

/* Begin PBXResourcesBuildPhase section */
		3F5BBF9A2C1A1EC400D299C3 /* Resources */ = {
			isa = PBXResourcesBuildPhase;
			buildActionMask = 2147483647;
			files = (
				3F5BBFAC2C1A1EC600D299C3 /* LaunchScreen.storyboard in Resources */,
				3F5BBFA92C1A1EC600D299C3 /* Assets.xcassets in Resources */,
				3F5BBFA72C1A1EC400D299C3 /* Main.storyboard in Resources */,
			);
			runOnlyForDeploymentPostprocessing = 0;
		};
/* End PBXResourcesBuildPhase section */

/* Begin PBXSourcesBuildPhase section */
		3F5BBF982C1A1EC400D299C3 /* Sources */ = {
			isa = PBXSourcesBuildPhase;
			buildActionMask = 2147483647;
			files = (
				3F5BBFA42C1A1EC400D299C3 /* LogInVC.swift in Sources */,
				3F5BBFA02C1A1EC400D299C3 /* AppDelegate.swift in Sources */,
				3F20F2522C1F606A0062797D /* ImageVC.swift in Sources */,
				3FD2BFDF2C1F4C6A009641AB /* AboutMeVC.swift in Sources */,
				3F5BBFB42C1A2CD700D299C3 /* LogOutVC.swift in Sources */,
				3FE336252C1F3D8D006E219F /* User.swift in Sources */,
				3F5BBFA22C1A1EC400D299C3 /* SceneDelegate.swift in Sources */,
			);
			runOnlyForDeploymentPostprocessing = 0;
		};
/* End PBXSourcesBuildPhase section */

/* Begin PBXVariantGroup section */
		3F5BBFA52C1A1EC400D299C3 /* Main.storyboard */ = {
			isa = PBXVariantGroup;
			children = (
				3F5BBFA62C1A1EC400D299C3 /* Base */,
			);
			name = Main.storyboard;
			sourceTree = "<group>";
		};
		3F5BBFAA2C1A1EC600D299C3 /* LaunchScreen.storyboard */ = {
			isa = PBXVariantGroup;
			children = (
				3F5BBFAB2C1A1EC600D299C3 /* Base */,
			);
			name = LaunchScreen.storyboard;
			sourceTree = "<group>";
		};
/* End PBXVariantGroup section */

/* Begin XCBuildConfiguration section */
		3F5BBFAE2C1A1EC600D299C3 /* Debug */ = {
			isa = XCBuildConfiguration;
			buildSettings = {
				ALWAYS_SEARCH_USER_PATHS = NO;
				ASSETCATALOG_COMPILER_GENERATE_SWIFT_ASSET_SYMBOL_EXTENSIONS = YES;
				CLANG_ANALYZER_NONNULL = YES;
				CLANG_ANALYZER_NUMBER_OBJECT_CONVERSION = YES_AGGRESSIVE;
				CLANG_CXX_LANGUAGE_STANDARD = "gnu++20";
				CLANG_ENABLE_MODULES = YES;
				CLANG_ENABLE_OBJC_ARC = YES;
				CLANG_ENABLE_OBJC_WEAK = YES;
				CLANG_WARN_BLOCK_CAPTURE_AUTORELEASING = YES;
				CLANG_WARN_BOOL_CONVERSION = YES;
				CLANG_WARN_COMMA = YES;
				CLANG_WARN_CONSTANT_CONVERSION = YES;
				CLANG_WARN_DEPRECATED_OBJC_IMPLEMENTATIONS = YES;
				CLANG_WARN_DIRECT_OBJC_ISA_USAGE = YES_ERROR;
				CLANG_WARN_DOCUMENTATION_COMMENTS = YES;
				CLANG_WARN_EMPTY_BODY = YES;
				CLANG_WARN_ENUM_CONVERSION = YES;
				CLANG_WARN_INFINITE_RECURSION = YES;
				CLANG_WARN_INT_CONVERSION = YES;
				CLANG_WARN_NON_LITERAL_NULL_CONVERSION = YES;
				CLANG_WARN_OBJC_IMPLICIT_RETAIN_SELF = YES;
				CLANG_WARN_OBJC_LITERAL_CONVERSION = YES;
				CLANG_WARN_OBJC_ROOT_CLASS = YES_ERROR;
				CLANG_WARN_QUOTED_INCLUDE_IN_FRAMEWORK_HEADER = YES;
				CLANG_WARN_RANGE_LOOP_ANALYSIS = YES;
				CLANG_WARN_STRICT_PROTOTYPES = YES;
				CLANG_WARN_SUSPICIOUS_MOVE = YES;
				CLANG_WARN_UNGUARDED_AVAILABILITY = YES_AGGRESSIVE;
				CLANG_WARN_UNREACHABLE_CODE = YES;
				CLANG_WARN__DUPLICATE_METHOD_MATCH = YES;
				COPY_PHASE_STRIP = NO;
				DEBUG_INFORMATION_FORMAT = dwarf;
				ENABLE_STRICT_OBJC_MSGSEND = YES;
				ENABLE_TESTABILITY = YES;
				ENABLE_USER_SCRIPT_SANDBOXING = YES;
				GCC_C_LANGUAGE_STANDARD = gnu17;
				GCC_DYNAMIC_NO_PIC = NO;
				GCC_NO_COMMON_BLOCKS = YES;
				GCC_OPTIMIZATION_LEVEL = 0;
				GCC_PREPROCESSOR_DEFINITIONS = (
					"DEBUG=1",
					"$(inherited)",
				);
				GCC_WARN_64_TO_32_BIT_CONVERSION = YES;
				GCC_WARN_ABOUT_RETURN_TYPE = YES_ERROR;
				GCC_WARN_UNDECLARED_SELECTOR = YES;
				GCC_WARN_UNINITIALIZED_AUTOS = YES_AGGRESSIVE;
				GCC_WARN_UNUSED_FUNCTION = YES;
				GCC_WARN_UNUSED_VARIABLE = YES;
				IPHONEOS_DEPLOYMENT_TARGET = 17.0;
				LOCALIZATION_PREFERS_STRING_CATALOGS = YES;
				MTL_ENABLE_DEBUG_INFO = INCLUDE_SOURCE;
				MTL_FAST_MATH = YES;
				ONLY_ACTIVE_ARCH = YES;
				SDKROOT = iphoneos;
				SWIFT_ACTIVE_COMPILATION_CONDITIONS = "DEBUG $(inherited)";
				SWIFT_OPTIMIZATION_LEVEL = "-Onone";
			};
			name = Debug;
		};
		3F5BBFAF2C1A1EC600D299C3 /* Release */ = {
			isa = XCBuildConfiguration;
			buildSettings = {
				ALWAYS_SEARCH_USER_PATHS = NO;
				ASSETCATALOG_COMPILER_GENERATE_SWIFT_ASSET_SYMBOL_EXTENSIONS = YES;
				CLANG_ANALYZER_NONNULL = YES;
				CLANG_ANALYZER_NUMBER_OBJECT_CONVERSION = YES_AGGRESSIVE;
				CLANG_CXX_LANGUAGE_STANDARD = "gnu++20";
				CLANG_ENABLE_MODULES = YES;
				CLANG_ENABLE_OBJC_ARC = YES;
				CLANG_ENABLE_OBJC_WEAK = YES;
				CLANG_WARN_BLOCK_CAPTURE_AUTORELEASING = YES;
				CLANG_WARN_BOOL_CONVERSION = YES;
				CLANG_WARN_COMMA = YES;
				CLANG_WARN_CONSTANT_CONVERSION = YES;
				CLANG_WARN_DEPRECATED_OBJC_IMPLEMENTATIONS = YES;
				CLANG_WARN_DIRECT_OBJC_ISA_USAGE = YES_ERROR;
				CLANG_WARN_DOCUMENTATION_COMMENTS = YES;
				CLANG_WARN_EMPTY_BODY = YES;
				CLANG_WARN_ENUM_CONVERSION = YES;
				CLANG_WARN_INFINITE_RECURSION = YES;
				CLANG_WARN_INT_CONVERSION = YES;
				CLANG_WARN_NON_LITERAL_NULL_CONVERSION = YES;
				CLANG_WARN_OBJC_IMPLICIT_RETAIN_SELF = YES;
				CLANG_WARN_OBJC_LITERAL_CONVERSION = YES;
				CLANG_WARN_OBJC_ROOT_CLASS = YES_ERROR;
				CLANG_WARN_QUOTED_INCLUDE_IN_FRAMEWORK_HEADER = YES;
				CLANG_WARN_RANGE_LOOP_ANALYSIS = YES;
				CLANG_WARN_STRICT_PROTOTYPES = YES;
				CLANG_WARN_SUSPICIOUS_MOVE = YES;
				CLANG_WARN_UNGUARDED_AVAILABILITY = YES_AGGRESSIVE;
				CLANG_WARN_UNREACHABLE_CODE = YES;
				CLANG_WARN__DUPLICATE_METHOD_MATCH = YES;
				COPY_PHASE_STRIP = NO;
				DEBUG_INFORMATION_FORMAT = "dwarf-with-dsym";
				ENABLE_NS_ASSERTIONS = NO;
				ENABLE_STRICT_OBJC_MSGSEND = YES;
				ENABLE_USER_SCRIPT_SANDBOXING = YES;
				GCC_C_LANGUAGE_STANDARD = gnu17;
				GCC_NO_COMMON_BLOCKS = YES;
				GCC_WARN_64_TO_32_BIT_CONVERSION = YES;
				GCC_WARN_ABOUT_RETURN_TYPE = YES_ERROR;
				GCC_WARN_UNDECLARED_SELECTOR = YES;
				GCC_WARN_UNINITIALIZED_AUTOS = YES_AGGRESSIVE;
				GCC_WARN_UNUSED_FUNCTION = YES;
				GCC_WARN_UNUSED_VARIABLE = YES;
				IPHONEOS_DEPLOYMENT_TARGET = 17.0;
				LOCALIZATION_PREFERS_STRING_CATALOGS = YES;
				MTL_ENABLE_DEBUG_INFO = NO;
				MTL_FAST_MATH = YES;
				SDKROOT = iphoneos;
				SWIFT_COMPILATION_MODE = wholemodule;
				VALIDATE_PRODUCT = YES;
			};
			name = Release;
		};
		3F5BBFB12C1A1EC600D299C3 /* Debug */ = {
			isa = XCBuildConfiguration;
			buildSettings = {
				ASSETCATALOG_COMPILER_APPICON_NAME = AppIcon;
				ASSETCATALOG_COMPILER_GLOBAL_ACCENT_COLOR_NAME = AccentColor;
				CODE_SIGN_STYLE = Automatic;
				CURRENT_PROJECT_VERSION = 1;
				DEVELOPMENT_TEAM = GHQ3446M48;
				GENERATE_INFOPLIST_FILE = YES;
				INFOPLIST_FILE = LogInApp/App/Info.plist;
				INFOPLIST_KEY_UIApplicationSupportsIndirectInputEvents = YES;
				INFOPLIST_KEY_UILaunchStoryboardName = LaunchScreen;
				INFOPLIST_KEY_UIMainStoryboardFile = Main;
				INFOPLIST_KEY_UISupportedInterfaceOrientations_iPad = "UIInterfaceOrientationPortrait UIInterfaceOrientationPortraitUpsideDown UIInterfaceOrientationLandscapeLeft UIInterfaceOrientationLandscapeRight";
				INFOPLIST_KEY_UISupportedInterfaceOrientations_iPhone = "UIInterfaceOrientationPortrait UIInterfaceOrientationLandscapeLeft UIInterfaceOrientationLandscapeRight";
				LD_RUNPATH_SEARCH_PATHS = (
					"$(inherited)",
					"@executable_path/Frameworks",
				);
				MARKETING_VERSION = 1.0;
				PRODUCT_BUNDLE_IDENTIFIER = Podshibyakin.LogInApp;
				PRODUCT_NAME = "$(TARGET_NAME)";
				SWIFT_EMIT_LOC_STRINGS = YES;
				SWIFT_VERSION = 5.0;
				TARGETED_DEVICE_FAMILY = "1,2";
			};
			name = Debug;
		};
		3F5BBFB22C1A1EC600D299C3 /* Release */ = {
			isa = XCBuildConfiguration;
			buildSettings = {
				ASSETCATALOG_COMPILER_APPICON_NAME = AppIcon;
				ASSETCATALOG_COMPILER_GLOBAL_ACCENT_COLOR_NAME = AccentColor;
				CODE_SIGN_STYLE = Automatic;
				CURRENT_PROJECT_VERSION = 1;
				DEVELOPMENT_TEAM = GHQ3446M48;
				GENERATE_INFOPLIST_FILE = YES;
				INFOPLIST_FILE = LogInApp/App/Info.plist;
				INFOPLIST_KEY_UIApplicationSupportsIndirectInputEvents = YES;
				INFOPLIST_KEY_UILaunchStoryboardName = LaunchScreen;
				INFOPLIST_KEY_UIMainStoryboardFile = Main;
				INFOPLIST_KEY_UISupportedInterfaceOrientations_iPad = "UIInterfaceOrientationPortrait UIInterfaceOrientationPortraitUpsideDown UIInterfaceOrientationLandscapeLeft UIInterfaceOrientationLandscapeRight";
				INFOPLIST_KEY_UISupportedInterfaceOrientations_iPhone = "UIInterfaceOrientationPortrait UIInterfaceOrientationLandscapeLeft UIInterfaceOrientationLandscapeRight";
				LD_RUNPATH_SEARCH_PATHS = (
					"$(inherited)",
					"@executable_path/Frameworks",
				);
				MARKETING_VERSION = 1.0;
				PRODUCT_BUNDLE_IDENTIFIER = Podshibyakin.LogInApp;
				PRODUCT_NAME = "$(TARGET_NAME)";
				SWIFT_EMIT_LOC_STRINGS = YES;
				SWIFT_VERSION = 5.0;
				TARGETED_DEVICE_FAMILY = "1,2";
			};
			name = Release;
		};
/* End XCBuildConfiguration section */

/* Begin XCConfigurationList section */
		3F5BBF972C1A1EC400D299C3 /* Build configuration list for PBXProject "LogInApp" */ = {
			isa = XCConfigurationList;
			buildConfigurations = (
				3F5BBFAE2C1A1EC600D299C3 /* Debug */,
				3F5BBFAF2C1A1EC600D299C3 /* Release */,
			);
			defaultConfigurationIsVisible = 0;
			defaultConfigurationName = Release;
		};
		3F5BBFB02C1A1EC600D299C3 /* Build configuration list for PBXNativeTarget "LogInApp" */ = {
			isa = XCConfigurationList;
			buildConfigurations = (
				3F5BBFB12C1A1EC600D299C3 /* Debug */,
				3F5BBFB22C1A1EC600D299C3 /* Release */,
			);
			defaultConfigurationIsVisible = 0;
			defaultConfigurationName = Release;
		};
/* End XCConfigurationList section */
	};
	rootObject = 3F5BBF942C1A1EC400D299C3 /* Project object */;
}
